
Microsoft Visual Studio Solution File, Format Version 12.00
# Visual Studio 15
VisualStudioVersion = 15.0.27703.2000
MinimumVisualStudioVersion = 10.0.40219.1
Project("{9A19103F-16F7-4668-BE54-9A1E7A4F7556}") = "EmployeeManagement", "EmployeeManagement\EmployeeManagement.csproj", "{0173219A-D46E-4F83-9575-692B8BFE4D45}"
EndProject
Global
	GlobalSection(SolutionConfigurationPlatforms) = preSolution
		Debug|Any CPU = Debug|Any CPU
		Release|Any CPU = Release|Any CPU
	EndGlobalSection
	GlobalSection(ProjectConfigurationPlatforms) = postSolution
		{0173219A-D46E-4F83-9575-692B8BFE4D45}.Debug|Any CPU.ActiveCfg = Debug|Any CPU
		{0173219A-D46E-4F83-9575-692B8BFE4D45}.Debug|Any CPU.Build.0 = Debug|Any CPU
		{0173219A-D46E-4F83-9575-692B8BFE4D45}.Release|Any CPU.ActiveCfg = Release|Any CPU
		{0173219A-D46E-4F83-9575-692B8BFE4D45}.Release|Any CPU.Build.0 = Release|Any CPU
	EndGlobalSection
	GlobalSection(SolutionProperties) = preSolution
		HideSolutionNode = FALSE
	EndGlobalSection
	GlobalSection(ExtensibilityGlobals) = postSolution
		SolutionGuid = {ED9D43E4-65E7-4264-AC9D-DFBABC0A0CD4}
	EndGlobalSection
EndGlobal
